
Microsoft Visual Studio Solution File, Format Version 12.00
# Visual Studio 14
VisualStudioVersion = 14.0.24720.0
MinimumVisualStudioVersion = 10.0.40219.1
Project("{8BC9CEB8-8B4A-11D0-8D11-00A0C91BC942}") = "Algorithm_Practice", "Algorithm_Practice\Algorithm_Practice.vcxproj", "{9F8B0C4F-0CD2-4374-A7F8-B6B3CFD7EE6C}"
EndProject
Project("{8BC9CEB8-8B4A-11D0-8D11-00A0C91BC942}") = "Nature Numbers", "Nature Numbers\Nature Numbers.vcxproj", "{0CE3A8CC-F3C7-4573-8857-DE8537703778}"
EndProject
Project("{8BC9CEB8-8B4A-11D0-8D11-00A0C91BC942}") = "constraint_checker", "constraint_checker\constraint_checker.vcxproj", "{636C931B-5328-4B01-ACAA-939E96B4F9B5}"
EndProject
Project("{8BC9CEB8-8B4A-11D0-8D11-00A0C91BC942}") = "Browser Caching", "Browser Caching\Browser Caching.vcxproj", "{A29A8A5C-BD47-4128-8920-B0259BAA894E}"
EndProject
Project("{8BC9CEB8-8B4A-11D0-8D11-00A0C91BC942}") = "Num_Blackhole", "Num_Blackhole\Num_Blackhole.vcxproj", "{82722AF9-A12F-4C9B-A87C-5A150F783935}"
EndProject
Project("{8BC9CEB8-8B4A-11D0-8D11-00A0C91BC942}") = "CD_num", "CD_num\CD_num.vcxproj", "{5129E50C-E46B-470E-92A2-01CD69AD5F44}"
EndProject
Project("{8BC9CEB8-8B4A-11D0-8D11-00A0C91BC942}") = "Program1", "Program1\Program1.vcxproj", "{8C25F0DE-8FE6-4BB1-9E6A-62C14859928B}"
EndProject
Project("{8BC9CEB8-8B4A-11D0-8D11-00A0C91BC942}") = "Project2", "Project2\Project2.vcxproj", "{D7A764AE-B4B2-44A2-A9FA-CA3C0B6F3546}"
EndProject
Project("{8BC9CEB8-8B4A-11D0-8D11-00A0C91BC942}") = "Project3", "Project3\Project3.vcxproj", "{A8F9234A-8B85-4C37-A201-52663F6ABDBE}"
EndProject
Global
	GlobalSection(SolutionConfigurationPlatforms) = preSolution
		Debug|x64 = Debug|x64
		Debug|x86 = Debug|x86
		Release|x64 = Release|x64
		Release|x86 = Release|x86
	EndGlobalSection
	GlobalSection(ProjectConfigurationPlatforms) = postSolution
		{9F8B0C4F-0CD2-4374-A7F8-B6B3CFD7EE6C}.Debug|x64.ActiveCfg = Debug|x64
		{9F8B0C4F-0CD2-4374-A7F8-B6B3CFD7EE6C}.Debug|x64.Build.0 = Debug|x64
		{9F8B0C4F-0CD2-4374-A7F8-B6B3CFD7EE6C}.Debug|x86.ActiveCfg = Debug|Win32
		{9F8B0C4F-0CD2-4374-A7F8-B6B3CFD7EE6C}.Debug|x86.Build.0 = Debug|Win32
		{9F8B0C4F-0CD2-4374-A7F8-B6B3CFD7EE6C}.Release|x64.ActiveCfg = Release|x64
		{9F8B0C4F-0CD2-4374-A7F8-B6B3CFD7EE6C}.Release|x64.Build.0 = Release|x64
		{9F8B0C4F-0CD2-4374-A7F8-B6B3CFD7EE6C}.Release|x86.ActiveCfg = Release|Win32
		{9F8B0C4F-0CD2-4374-A7F8-B6B3CFD7EE6C}.Release|x86.Build.0 = Release|Win32
		{0CE3A8CC-F3C7-4573-8857-DE8537703778}.Debug|x64.ActiveCfg = Debug|x64
		{0CE3A8CC-F3C7-4573-8857-DE8537703778}.Debug|x64.Build.0 = Debug|x64
		{0CE3A8CC-F3C7-4573-8857-DE8537703778}.Debug|x86.ActiveCfg = Debug|Win32
		{0CE3A8CC-F3C7-4573-8857-DE8537703778}.Debug|x86.Build.0 = Debug|Win32
		{0CE3A8CC-F3C7-4573-8857-DE8537703778}.Release|x64.ActiveCfg = Release|x64
		{0CE3A8CC-F3C7-4573-8857-DE8537703778}.Release|x64.Build.0 = Release|x64
		{0CE3A8CC-F3C7-4573-8857-DE8537703778}.Release|x86.ActiveCfg = Release|Win32
		{0CE3A8CC-F3C7-4573-8857-DE8537703778}.Release|x86.Build.0 = Release|Win32
		{636C931B-5328-4B01-ACAA-939E96B4F9B5}.Debug|x64.ActiveCfg = Debug|x64
		{636C931B-5328-4B01-ACAA-939E96B4F9B5}.Debug|x64.Build.0 = Debug|x64
		{636C931B-5328-4B01-ACAA-939E96B4F9B5}.Debug|x86.ActiveCfg = Debug|Win32
		{636C931B-5328-4B01-ACAA-939E96B4F9B5}.Debug|x86.Build.0 = Debug|Win32
		{636C931B-5328-4B01-ACAA-939E96B4F9B5}.Release|x64.ActiveCfg = Release|x64
		{636C931B-5328-4B01-ACAA-939E96B4F9B5}.Release|x64.Build.0 = Release|x64
		{636C931B-5328-4B01-ACAA-939E96B4F9B5}.Release|x86.ActiveCfg = Release|Win32
		{636C931B-5328-4B01-ACAA-939E96B4F9B5}.Release|x86.Build.0 = Release|Win32
		{A29A8A5C-BD47-4128-8920-B0259BAA894E}.Debug|x64.ActiveCfg = Debug|x64
		{A29A8A5C-BD47-4128-8920-B0259BAA894E}.Debug|x64.Build.0 = Debug|x64
		{A29A8A5C-BD47-4128-8920-B0259BAA894E}.Debug|x86.ActiveCfg = Debug|Win32
		{A29A8A5C-BD47-4128-8920-B0259BAA894E}.Debug|x86.Build.0 = Debug|Win32
		{A29A8A5C-BD47-4128-8920-B0259BAA894E}.Release|x64.ActiveCfg = Release|x64
		{A29A8A5C-BD47-4128-8920-B0259BAA894E}.Release|x64.Build.0 = Release|x64
		{A29A8A5C-BD47-4128-8920-B0259BAA894E}.Release|x86.ActiveCfg = Release|Win32
		{A29A8A5C-BD47-4128-8920-B0259BAA894E}.Release|x86.Build.0 = Release|Win32
		{82722AF9-A12F-4C9B-A87C-5A150F783935}.Debug|x64.ActiveCfg = Debug|x64
		{82722AF9-A12F-4C9B-A87C-5A150F783935}.Debug|x64.Build.0 = Debug|x64
		{82722AF9-A12F-4C9B-A87C-5A150F783935}.Debug|x86.ActiveCfg = Debug|Win32
		{82722AF9-A12F-4C9B-A87C-5A150F783935}.Debug|x86.Build.0 = Debug|Win32
		{82722AF9-A12F-4C9B-A87C-5A150F783935}.Release|x64.ActiveCfg = Release|x64
		{82722AF9-A12F-4C9B-A87C-5A150F783935}.Release|x64.Build.0 = Release|x64
		{82722AF9-A12F-4C9B-A87C-5A150F783935}.Release|x86.ActiveCfg = Release|Win32
		{82722AF9-A12F-4C9B-A87C-5A150F783935}.Release|x86.Build.0 = Release|Win32
		{5129E50C-E46B-470E-92A2-01CD69AD5F44}.Debug|x64.ActiveCfg = Debug|x64
		{5129E50C-E46B-470E-92A2-01CD69AD5F44}.Debug|x64.Build.0 = Debug|x64
		{5129E50C-E46B-470E-92A2-01CD69AD5F44}.Debug|x86.ActiveCfg = Debug|Win32
		{5129E50C-E46B-470E-92A2-01CD69AD5F44}.Debug|x86.Build.0 = Debug|Win32
		{5129E50C-E46B-470E-92A2-01CD69AD5F44}.Release|x64.ActiveCfg = Release|x64
		{5129E50C-E46B-470E-92A2-01CD69AD5F44}.Release|x64.Build.0 = Release|x64
		{5129E50C-E46B-470E-92A2-01CD69AD5F44}.Release|x86.ActiveCfg = Release|Win32
		{5129E50C-E46B-470E-92A2-01CD69AD5F44}.Release|x86.Build.0 = Release|Win32
		{8C25F0DE-8FE6-4BB1-9E6A-62C14859928B}.Debug|x64.ActiveCfg = Debug|x64
		{8C25F0DE-8FE6-4BB1-9E6A-62C14859928B}.Debug|x64.Build.0 = Debug|x64
		{8C25F0DE-8FE6-4BB1-9E6A-62C14859928B}.Debug|x86.ActiveCfg = Debug|Win32
		{8C25F0DE-8FE6-4BB1-9E6A-62C14859928B}.Debug|x86.Build.0 = Debug|Win32
		{8C25F0DE-8FE6-4BB1-9E6A-62C14859928B}.Release|x64.ActiveCfg = Release|x64
		{8C25F0DE-8FE6-4BB1-9E6A-62C14859928B}.Release|x64.Build.0 = Release|x64
		{8C25F0DE-8FE6-4BB1-9E6A-62C14859928B}.Release|x86.ActiveCfg = Release|Win32
		{8C25F0DE-8FE6-4BB1-9E6A-62C14859928B}.Release|x86.Build.0 = Release|Win32
		{D7A764AE-B4B2-44A2-A9FA-CA3C0B6F3546}.Debug|x64.ActiveCfg = Debug|x64
		{D7A764AE-B4B2-44A2-A9FA-CA3C0B6F3546}.Debug|x64.Build.0 = Debug|x64
		{D7A764AE-B4B2-44A2-A9FA-CA3C0B6F3546}.Debug|x86.ActiveCfg = Debug|Win32
		{D7A764AE-B4B2-44A2-A9FA-CA3C0B6F3546}.Debug|x86.Build.0 = Debug|Win32
		{D7A764AE-B4B2-44A2-A9FA-CA3C0B6F3546}.Release|x64.ActiveCfg = Release|x64
		{D7A764AE-B4B2-44A2-A9FA-CA3C0B6F3546}.Release|x64.Build.0 = Release|x64
		{D7A764AE-B4B2-44A2-A9FA-CA3C0B6F3546}.Release|x86.ActiveCfg = Release|Win32
		{D7A764AE-B4B2-44A2-A9FA-CA3C0B6F3546}.Release|x86.Build.0 = Release|Win32
		{A8F9234A-8B85-4C37-A201-52663F6ABDBE}.Debug|x64.ActiveCfg = Debug|x64
		{A8F9234A-8B85-4C37-A201-52663F6ABDBE}.Debug|x64.Build.0 = Debug|x64
		{A8F9234A-8B85-4C37-A201-52663F6ABDBE}.Debug|x86.ActiveCfg = Debug|Win32
		{A8F9234A-8B85-4C37-A201-52663F6ABDBE}.Debug|x86.Build.0 = Debug|Win32
		{A8F9234A-8B85-4C37-A201-52663F6ABDBE}.Release|x64.ActiveCfg = Release|x64
		{A8F9234A-8B85-4C37-A201-52663F6ABDBE}.Release|x64.Build.0 = Release|x64
		{A8F9234A-8B85-4C37-A201-52663F6ABDBE}.Release|x86.ActiveCfg = Release|Win32
		{A8F9234A-8B85-4C37-A201-52663F6ABDBE}.Release|x86.Build.0 = Release|Win32
	EndGlobalSection
	GlobalSection(SolutionProperties) = preSolution
		HideSolutionNode = FALSE
	EndGlobalSection
EndGlobal
