
Microsoft Visual Studio Solution File, Format Version 12.00
# Visual Studio 14
VisualStudioVersion = 14.0.24720.0
MinimumVisualStudioVersion = 10.0.40219.1
Project("{8BC9CEB8-8B4A-11D0-8D11-00A0C91BC942}") = "Algorithm_Practice", "Algorithm_Practice\Algorithm_Practice.vcxproj", "{9F8B0C4F-0CD2-4374-A7F8-B6B3CFD7EE6C}"
EndProject
Project("{8BC9CEB8-8B4A-11D0-8D11-00A0C91BC942}") = "Nature Numbers", "Nature Numbers\Nature Numbers.vcxproj", "{0CE3A8CC-F3C7-4573-8857-DE8537703778}"
EndProject
Project("{8BC9CEB8-8B4A-11D0-8D11-00A0C91BC942}") = "constraint_checker", "constraint_checker\constraint_checker.vcxproj", "{636C931B-5328-4B01-ACAA-939E96B4F9B5}"
EndProject
Project("{8BC9CEB8-8B4A-11D0-8D11-00A0C91BC942}") = "Browser Caching", "Browser Caching\Browser Caching.vcxproj", "{A29A8A5C-BD47-4128-8920-B0259BAA894E}"
EndProject
Global
	GlobalSection(SolutionConfigurationPlatforms) = preSolution
		Debug|x64 = Debug|x64
		Debug|x86 = Debug|x86
		Release|x64 = Release|x64
		Release|x86 = Release|x86
	EndGlobalSection
	GlobalSection(ProjectConfigurationPlatforms) = postSolution
		{9F8B0C4F-0CD2-4374-A7F8-B6B3CFD7EE6C}.Debug|x64.ActiveCfg = Debug|x64
		{9F8B0C4F-0CD2-4374-A7F8-B6B3CFD7EE6C}.Debug|x64.Build.0 = Debug|x64
		{9F8B0C4F-0CD2-4374-A7F8-B6B3CFD7EE6C}.Debug|x86.ActiveCfg = Debug|Win32
		{9F8B0C4F-0CD2-4374-A7F8-B6B3CFD7EE6C}.Debug|x86.Build.0 = Debug|Win32
		{9F8B0C4F-0CD2-4374-A7F8-B6B3CFD7EE6C}.Release|x64.ActiveCfg = Release|x64
		{9F8B0C4F-0CD2-4374-A7F8-B6B3CFD7EE6C}.Release|x64.Build.0 = Release|x64
		{9F8B0C4F-0CD2-4374-A7F8-B6B3CFD7EE6C}.Release|x86.ActiveCfg = Release|Win32
		{9F8B0C4F-0CD2-4374-A7F8-B6B3CFD7EE6C}.Release|x86.Build.0 = Release|Win32
		{0CE3A8CC-F3C7-4573-8857-DE8537703778}.Debug|x64.ActiveCfg = Debug|x64
		{0CE3A8CC-F3C7-4573-8857-DE8537703778}.Debug|x64.Build.0 = Debug|x64
		{0CE3A8CC-F3C7-4573-8857-DE8537703778}.Debug|x86.ActiveCfg = Debug|Win32
		{0CE3A8CC-F3C7-4573-8857-DE8537703778}.Debug|x86.Build.0 = Debug|Win32
		{0CE3A8CC-F3C7-4573-8857-DE8537703778}.Release|x64.ActiveCfg = Release|x64
		{0CE3A8CC-F3C7-4573-8857-DE8537703778}.Release|x64.Build.0 = Release|x64
		{0CE3A8CC-F3C7-4573-8857-DE8537703778}.Release|x86.ActiveCfg = Release|Win32
		{0CE3A8CC-F3C7-4573-8857-DE8537703778}.Release|x86.Build.0 = Release|Win32
		{636C931B-5328-4B01-ACAA-939E96B4F9B5}.Debug|x64.ActiveCfg = Debug|x64
		{636C931B-5328-4B01-ACAA-939E96B4F9B5}.Debug|x64.Build.0 = Debug|x64
		{636C931B-5328-4B01-ACAA-939E96B4F9B5}.Debug|x86.ActiveCfg = Debug|Win32
		{636C931B-5328-4B01-ACAA-939E96B4F9B5}.Debug|x86.Build.0 = Debug|Win32
		{636C931B-5328-4B01-ACAA-939E96B4F9B5}.Release|x64.ActiveCfg = Release|x64
		{636C931B-5328-4B01-ACAA-939E96B4F9B5}.Release|x64.Build.0 = Release|x64
		{636C931B-5328-4B01-ACAA-939E96B4F9B5}.Release|x86.ActiveCfg = Release|Win32
		{636C931B-5328-4B01-ACAA-939E96B4F9B5}.Release|x86.Build.0 = Release|Win32
		{A29A8A5C-BD47-4128-8920-B0259BAA894E}.Debug|x64.ActiveCfg = Debug|x64
		{A29A8A5C-BD47-4128-8920-B0259BAA894E}.Debug|x64.Build.0 = Debug|x64
		{A29A8A5C-BD47-4128-8920-B0259BAA894E}.Debug|x86.ActiveCfg = Debug|Win32
		{A29A8A5C-BD47-4128-8920-B0259BAA894E}.Debug|x86.Build.0 = Debug|Win32
		{A29A8A5C-BD47-4128-8920-B0259BAA894E}.Release|x64.ActiveCfg = Release|x64
		{A29A8A5C-BD47-4128-8920-B0259BAA894E}.Release|x64.Build.0 = Release|x64
		{A29A8A5C-BD47-4128-8920-B0259BAA894E}.Release|x86.ActiveCfg = Release|Win32
		{A29A8A5C-BD47-4128-8920-B0259BAA894E}.Release|x86.Build.0 = Release|Win32
	EndGlobalSection
	GlobalSection(SolutionProperties) = preSolution
		HideSolutionNode = FALSE
	EndGlobalSection
EndGlobal
