
Microsoft Visual Studio Solution File, Format Version 12.00
# Visual Studio 14
VisualStudioVersion = 14.0.24720.0
MinimumVisualStudioVersion = 10.0.40219.1
Project("{8BC9CEB8-8B4A-11D0-8D11-00A0C91BC942}") = "Algorithm_Practice", "Algorithm_Practice\Algorithm_Practice.vcxproj", "{9F8B0C4F-0CD2-4374-A7F8-B6B3CFD7EE6C}"
EndProject
Project("{8BC9CEB8-8B4A-11D0-8D11-00A0C91BC942}") = "Nature Numbers", "Nature Numbers\Nature Numbers.vcxproj", "{0CE3A8CC-F3C7-4573-8857-DE8537703778}"
EndProject
Project("{8BC9CEB8-8B4A-11D0-8D11-00A0C91BC942}") = "constraint_checker", "constraint_checker\constraint_checker.vcxproj", "{636C931B-5328-4B01-ACAA-939E96B4F9B5}"
EndProject
Project("{8BC9CEB8-8B4A-11D0-8D11-00A0C91BC942}") = "Browser Caching", "Browser Caching\Browser Caching.vcxproj", "{A29A8A5C-BD47-4128-8920-B0259BAA894E}"
EndProject
Project("{8BC9CEB8-8B4A-11D0-8D11-00A0C91BC942}") = "Num_Blackhole", "Num_Blackhole\Num_Blackhole.vcxproj", "{82722AF9-A12F-4C9B-A87C-5A150F783935}"
EndProject
Project("{8BC9CEB8-8B4A-11D0-8D11-00A0C91BC942}") = "CD_num", "CD_num\CD_num.vcxproj", "{5129E50C-E46B-470E-92A2-01CD69AD5F44}"
EndProject
Project("{8BC9CEB8-8B4A-11D0-8D11-00A0C91BC942}") = "Program1", "Program1\Program1.vcxproj", "{8C25F0DE-8FE6-4BB1-9E6A-62C14859928B}"
EndProject
Project("{8BC9CEB8-8B4A-11D0-8D11-00A0C91BC942}") = "Project2", "Project2\Project2.vcxproj", "{D7A764AE-B4B2-44A2-A9FA-CA3C0B6F3546}"
EndProject
Project("{8BC9CEB8-8B4A-11D0-8D11-00A0C91BC942}") = "Project3", "Project3\Project3.vcxproj", "{A8F9234A-8B85-4C37-A201-52663F6ABDBE}"
EndProject
Project("{8BC9CEB8-8B4A-11D0-8D11-00A0C91BC942}") = "Min_Heap", "Min_Heap\Min_Heap.vcxproj", "{66F23277-59EB-445B-8CFE-58874086AA74}"
EndProject
Project("{8BC9CEB8-8B4A-11D0-8D11-00A0C91BC942}") = "String_Test", "String_Test\String_Test.vcxproj", "{CC789136-6D31-4474-80BA-3FAE8076605E}"
EndProject
Project("{8BC9CEB8-8B4A-11D0-8D11-00A0C91BC942}") = "Sort", "Sort\Sort.vcxproj", "{89A748A5-B65E-4244-AA60-57547F5CF593}"
EndProject
Project("{8BC9CEB8-8B4A-11D0-8D11-00A0C91BC942}") = "DisjSets", "DisjSets\DisjSets.vcxproj", "{EBC4E1A6-5D46-4407-B7E4-D998267C6EFA}"
EndProject
Project("{8BC9CEB8-8B4A-11D0-8D11-00A0C91BC942}") = "hiho_1_Max_Palindrome_Substring", "hiho_1_Max_Palindrome_Substring\hiho_1_Max_Palindrome_Substring.vcxproj", "{576D4199-9C11-48CA-8FB9-5EBB2164D88A}"
EndProject
Project("{8BC9CEB8-8B4A-11D0-8D11-00A0C91BC942}") = "Learn_DP", "Learn_DP\Learn_DP.vcxproj", "{A690CD47-86AF-48E5-81A5-50EE968456BE}"
EndProject
Project("{8BC9CEB8-8B4A-11D0-8D11-00A0C91BC942}") = "Lean_Map", "Lean_Map\Lean_Map.vcxproj", "{2A2F63A1-C460-4DEB-AAE4-6650E2E15D8B}"
EndProject
Project("{8BC9CEB8-8B4A-11D0-8D11-00A0C91BC942}") = "LC_134_GasStation", "LC_134_GasStation\LC_134_GasStation.vcxproj", "{3FDEE95F-7CE8-48FB-A492-12F9BF4F3C5E}"
EndProject
Project("{8BC9CEB8-8B4A-11D0-8D11-00A0C91BC942}") = "LC_303_RangeSumQuery", "LC_303_RangeSumQuery\LC_303_RangeSumQuery.vcxproj", "{CE025958-1DEC-4304-B0DC-7B7A63E47B4C}"
EndProject
Global
	GlobalSection(SolutionConfigurationPlatforms) = preSolution
		Debug|x64 = Debug|x64
		Debug|x86 = Debug|x86
		Release|x64 = Release|x64
		Release|x86 = Release|x86
	EndGlobalSection
	GlobalSection(ProjectConfigurationPlatforms) = postSolution
		{9F8B0C4F-0CD2-4374-A7F8-B6B3CFD7EE6C}.Debug|x64.ActiveCfg = Debug|x64
		{9F8B0C4F-0CD2-4374-A7F8-B6B3CFD7EE6C}.Debug|x64.Build.0 = Debug|x64
		{9F8B0C4F-0CD2-4374-A7F8-B6B3CFD7EE6C}.Debug|x86.ActiveCfg = Debug|Win32
		{9F8B0C4F-0CD2-4374-A7F8-B6B3CFD7EE6C}.Debug|x86.Build.0 = Debug|Win32
		{9F8B0C4F-0CD2-4374-A7F8-B6B3CFD7EE6C}.Release|x64.ActiveCfg = Release|x64
		{9F8B0C4F-0CD2-4374-A7F8-B6B3CFD7EE6C}.Release|x64.Build.0 = Release|x64
		{9F8B0C4F-0CD2-4374-A7F8-B6B3CFD7EE6C}.Release|x86.ActiveCfg = Release|Win32
		{9F8B0C4F-0CD2-4374-A7F8-B6B3CFD7EE6C}.Release|x86.Build.0 = Release|Win32
		{0CE3A8CC-F3C7-4573-8857-DE8537703778}.Debug|x64.ActiveCfg = Debug|x64
		{0CE3A8CC-F3C7-4573-8857-DE8537703778}.Debug|x64.Build.0 = Debug|x64
		{0CE3A8CC-F3C7-4573-8857-DE8537703778}.Debug|x86.ActiveCfg = Debug|Win32
		{0CE3A8CC-F3C7-4573-8857-DE8537703778}.Debug|x86.Build.0 = Debug|Win32
		{0CE3A8CC-F3C7-4573-8857-DE8537703778}.Release|x64.ActiveCfg = Release|x64
		{0CE3A8CC-F3C7-4573-8857-DE8537703778}.Release|x64.Build.0 = Release|x64
		{0CE3A8CC-F3C7-4573-8857-DE8537703778}.Release|x86.ActiveCfg = Release|Win32
		{0CE3A8CC-F3C7-4573-8857-DE8537703778}.Release|x86.Build.0 = Release|Win32
		{636C931B-5328-4B01-ACAA-939E96B4F9B5}.Debug|x64.ActiveCfg = Debug|x64
		{636C931B-5328-4B01-ACAA-939E96B4F9B5}.Debug|x64.Build.0 = Debug|x64
		{636C931B-5328-4B01-ACAA-939E96B4F9B5}.Debug|x86.ActiveCfg = Debug|Win32
		{636C931B-5328-4B01-ACAA-939E96B4F9B5}.Debug|x86.Build.0 = Debug|Win32
		{636C931B-5328-4B01-ACAA-939E96B4F9B5}.Release|x64.ActiveCfg = Release|x64
		{636C931B-5328-4B01-ACAA-939E96B4F9B5}.Release|x64.Build.0 = Release|x64
		{636C931B-5328-4B01-ACAA-939E96B4F9B5}.Release|x86.ActiveCfg = Release|Win32
		{636C931B-5328-4B01-ACAA-939E96B4F9B5}.Release|x86.Build.0 = Release|Win32
		{A29A8A5C-BD47-4128-8920-B0259BAA894E}.Debug|x64.ActiveCfg = Debug|x64
		{A29A8A5C-BD47-4128-8920-B0259BAA894E}.Debug|x64.Build.0 = Debug|x64
		{A29A8A5C-BD47-4128-8920-B0259BAA894E}.Debug|x86.ActiveCfg = Debug|Win32
		{A29A8A5C-BD47-4128-8920-B0259BAA894E}.Debug|x86.Build.0 = Debug|Win32
		{A29A8A5C-BD47-4128-8920-B0259BAA894E}.Release|x64.ActiveCfg = Release|x64
		{A29A8A5C-BD47-4128-8920-B0259BAA894E}.Release|x64.Build.0 = Release|x64
		{A29A8A5C-BD47-4128-8920-B0259BAA894E}.Release|x86.ActiveCfg = Release|Win32
		{A29A8A5C-BD47-4128-8920-B0259BAA894E}.Release|x86.Build.0 = Release|Win32
		{82722AF9-A12F-4C9B-A87C-5A150F783935}.Debug|x64.ActiveCfg = Debug|x64
		{82722AF9-A12F-4C9B-A87C-5A150F783935}.Debug|x64.Build.0 = Debug|x64
		{82722AF9-A12F-4C9B-A87C-5A150F783935}.Debug|x86.ActiveCfg = Debug|Win32
		{82722AF9-A12F-4C9B-A87C-5A150F783935}.Debug|x86.Build.0 = Debug|Win32
		{82722AF9-A12F-4C9B-A87C-5A150F783935}.Release|x64.ActiveCfg = Release|x64
		{82722AF9-A12F-4C9B-A87C-5A150F783935}.Release|x64.Build.0 = Release|x64
		{82722AF9-A12F-4C9B-A87C-5A150F783935}.Release|x86.ActiveCfg = Release|Win32
		{82722AF9-A12F-4C9B-A87C-5A150F783935}.Release|x86.Build.0 = Release|Win32
		{5129E50C-E46B-470E-92A2-01CD69AD5F44}.Debug|x64.ActiveCfg = Debug|x64
		{5129E50C-E46B-470E-92A2-01CD69AD5F44}.Debug|x64.Build.0 = Debug|x64
		{5129E50C-E46B-470E-92A2-01CD69AD5F44}.Debug|x86.ActiveCfg = Debug|Win32
		{5129E50C-E46B-470E-92A2-01CD69AD5F44}.Debug|x86.Build.0 = Debug|Win32
		{5129E50C-E46B-470E-92A2-01CD69AD5F44}.Release|x64.ActiveCfg = Release|x64
		{5129E50C-E46B-470E-92A2-01CD69AD5F44}.Release|x64.Build.0 = Release|x64
		{5129E50C-E46B-470E-92A2-01CD69AD5F44}.Release|x86.ActiveCfg = Release|Win32
		{5129E50C-E46B-470E-92A2-01CD69AD5F44}.Release|x86.Build.0 = Release|Win32
		{8C25F0DE-8FE6-4BB1-9E6A-62C14859928B}.Debug|x64.ActiveCfg = Debug|x64
		{8C25F0DE-8FE6-4BB1-9E6A-62C14859928B}.Debug|x64.Build.0 = Debug|x64
		{8C25F0DE-8FE6-4BB1-9E6A-62C14859928B}.Debug|x86.ActiveCfg = Debug|Win32
		{8C25F0DE-8FE6-4BB1-9E6A-62C14859928B}.Debug|x86.Build.0 = Debug|Win32
		{8C25F0DE-8FE6-4BB1-9E6A-62C14859928B}.Release|x64.ActiveCfg = Release|x64
		{8C25F0DE-8FE6-4BB1-9E6A-62C14859928B}.Release|x64.Build.0 = Release|x64
		{8C25F0DE-8FE6-4BB1-9E6A-62C14859928B}.Release|x86.ActiveCfg = Release|Win32
		{8C25F0DE-8FE6-4BB1-9E6A-62C14859928B}.Release|x86.Build.0 = Release|Win32
		{D7A764AE-B4B2-44A2-A9FA-CA3C0B6F3546}.Debug|x64.ActiveCfg = Debug|x64
		{D7A764AE-B4B2-44A2-A9FA-CA3C0B6F3546}.Debug|x64.Build.0 = Debug|x64
		{D7A764AE-B4B2-44A2-A9FA-CA3C0B6F3546}.Debug|x86.ActiveCfg = Debug|Win32
		{D7A764AE-B4B2-44A2-A9FA-CA3C0B6F3546}.Debug|x86.Build.0 = Debug|Win32
		{D7A764AE-B4B2-44A2-A9FA-CA3C0B6F3546}.Release|x64.ActiveCfg = Release|x64
		{D7A764AE-B4B2-44A2-A9FA-CA3C0B6F3546}.Release|x64.Build.0 = Release|x64
		{D7A764AE-B4B2-44A2-A9FA-CA3C0B6F3546}.Release|x86.ActiveCfg = Release|Win32
		{D7A764AE-B4B2-44A2-A9FA-CA3C0B6F3546}.Release|x86.Build.0 = Release|Win32
		{A8F9234A-8B85-4C37-A201-52663F6ABDBE}.Debug|x64.ActiveCfg = Debug|x64
		{A8F9234A-8B85-4C37-A201-52663F6ABDBE}.Debug|x64.Build.0 = Debug|x64
		{A8F9234A-8B85-4C37-A201-52663F6ABDBE}.Debug|x86.ActiveCfg = Debug|Win32
		{A8F9234A-8B85-4C37-A201-52663F6ABDBE}.Debug|x86.Build.0 = Debug|Win32
		{A8F9234A-8B85-4C37-A201-52663F6ABDBE}.Release|x64.ActiveCfg = Release|x64
		{A8F9234A-8B85-4C37-A201-52663F6ABDBE}.Release|x64.Build.0 = Release|x64
		{A8F9234A-8B85-4C37-A201-52663F6ABDBE}.Release|x86.ActiveCfg = Release|Win32
		{A8F9234A-8B85-4C37-A201-52663F6ABDBE}.Release|x86.Build.0 = Release|Win32
		{66F23277-59EB-445B-8CFE-58874086AA74}.Debug|x64.ActiveCfg = Debug|x64
		{66F23277-59EB-445B-8CFE-58874086AA74}.Debug|x64.Build.0 = Debug|x64
		{66F23277-59EB-445B-8CFE-58874086AA74}.Debug|x86.ActiveCfg = Debug|Win32
		{66F23277-59EB-445B-8CFE-58874086AA74}.Debug|x86.Build.0 = Debug|Win32
		{66F23277-59EB-445B-8CFE-58874086AA74}.Release|x64.ActiveCfg = Release|x64
		{66F23277-59EB-445B-8CFE-58874086AA74}.Release|x64.Build.0 = Release|x64
		{66F23277-59EB-445B-8CFE-58874086AA74}.Release|x86.ActiveCfg = Release|Win32
		{66F23277-59EB-445B-8CFE-58874086AA74}.Release|x86.Build.0 = Release|Win32
		{CC789136-6D31-4474-80BA-3FAE8076605E}.Debug|x64.ActiveCfg = Debug|x64
		{CC789136-6D31-4474-80BA-3FAE8076605E}.Debug|x64.Build.0 = Debug|x64
		{CC789136-6D31-4474-80BA-3FAE8076605E}.Debug|x86.ActiveCfg = Debug|Win32
		{CC789136-6D31-4474-80BA-3FAE8076605E}.Debug|x86.Build.0 = Debug|Win32
		{CC789136-6D31-4474-80BA-3FAE8076605E}.Release|x64.ActiveCfg = Release|x64
		{CC789136-6D31-4474-80BA-3FAE8076605E}.Release|x64.Build.0 = Release|x64
		{CC789136-6D31-4474-80BA-3FAE8076605E}.Release|x86.ActiveCfg = Release|Win32
		{CC789136-6D31-4474-80BA-3FAE8076605E}.Release|x86.Build.0 = Release|Win32
		{89A748A5-B65E-4244-AA60-57547F5CF593}.Debug|x64.ActiveCfg = Debug|x64
		{89A748A5-B65E-4244-AA60-57547F5CF593}.Debug|x64.Build.0 = Debug|x64
		{89A748A5-B65E-4244-AA60-57547F5CF593}.Debug|x86.ActiveCfg = Debug|Win32
		{89A748A5-B65E-4244-AA60-57547F5CF593}.Debug|x86.Build.0 = Debug|Win32
		{89A748A5-B65E-4244-AA60-57547F5CF593}.Release|x64.ActiveCfg = Release|x64
		{89A748A5-B65E-4244-AA60-57547F5CF593}.Release|x64.Build.0 = Release|x64
		{89A748A5-B65E-4244-AA60-57547F5CF593}.Release|x86.ActiveCfg = Release|Win32
		{89A748A5-B65E-4244-AA60-57547F5CF593}.Release|x86.Build.0 = Release|Win32
		{EBC4E1A6-5D46-4407-B7E4-D998267C6EFA}.Debug|x64.ActiveCfg = Debug|x64
		{EBC4E1A6-5D46-4407-B7E4-D998267C6EFA}.Debug|x64.Build.0 = Debug|x64
		{EBC4E1A6-5D46-4407-B7E4-D998267C6EFA}.Debug|x86.ActiveCfg = Debug|Win32
		{EBC4E1A6-5D46-4407-B7E4-D998267C6EFA}.Debug|x86.Build.0 = Debug|Win32
		{EBC4E1A6-5D46-4407-B7E4-D998267C6EFA}.Release|x64.ActiveCfg = Release|x64
		{EBC4E1A6-5D46-4407-B7E4-D998267C6EFA}.Release|x64.Build.0 = Release|x64
		{EBC4E1A6-5D46-4407-B7E4-D998267C6EFA}.Release|x86.ActiveCfg = Release|Win32
		{EBC4E1A6-5D46-4407-B7E4-D998267C6EFA}.Release|x86.Build.0 = Release|Win32
		{576D4199-9C11-48CA-8FB9-5EBB2164D88A}.Debug|x64.ActiveCfg = Debug|x64
		{576D4199-9C11-48CA-8FB9-5EBB2164D88A}.Debug|x64.Build.0 = Debug|x64
		{576D4199-9C11-48CA-8FB9-5EBB2164D88A}.Debug|x86.ActiveCfg = Debug|Win32
		{576D4199-9C11-48CA-8FB9-5EBB2164D88A}.Debug|x86.Build.0 = Debug|Win32
		{576D4199-9C11-48CA-8FB9-5EBB2164D88A}.Release|x64.ActiveCfg = Release|x64
		{576D4199-9C11-48CA-8FB9-5EBB2164D88A}.Release|x64.Build.0 = Release|x64
		{576D4199-9C11-48CA-8FB9-5EBB2164D88A}.Release|x86.ActiveCfg = Release|Win32
		{576D4199-9C11-48CA-8FB9-5EBB2164D88A}.Release|x86.Build.0 = Release|Win32
		{A690CD47-86AF-48E5-81A5-50EE968456BE}.Debug|x64.ActiveCfg = Debug|x64
		{A690CD47-86AF-48E5-81A5-50EE968456BE}.Debug|x64.Build.0 = Debug|x64
		{A690CD47-86AF-48E5-81A5-50EE968456BE}.Debug|x86.ActiveCfg = Debug|Win32
		{A690CD47-86AF-48E5-81A5-50EE968456BE}.Debug|x86.Build.0 = Debug|Win32
		{A690CD47-86AF-48E5-81A5-50EE968456BE}.Release|x64.ActiveCfg = Release|x64
		{A690CD47-86AF-48E5-81A5-50EE968456BE}.Release|x64.Build.0 = Release|x64
		{A690CD47-86AF-48E5-81A5-50EE968456BE}.Release|x86.ActiveCfg = Release|Win32
		{A690CD47-86AF-48E5-81A5-50EE968456BE}.Release|x86.Build.0 = Release|Win32
		{2A2F63A1-C460-4DEB-AAE4-6650E2E15D8B}.Debug|x64.ActiveCfg = Debug|x64
		{2A2F63A1-C460-4DEB-AAE4-6650E2E15D8B}.Debug|x64.Build.0 = Debug|x64
		{2A2F63A1-C460-4DEB-AAE4-6650E2E15D8B}.Debug|x86.ActiveCfg = Debug|Win32
		{2A2F63A1-C460-4DEB-AAE4-6650E2E15D8B}.Debug|x86.Build.0 = Debug|Win32
		{2A2F63A1-C460-4DEB-AAE4-6650E2E15D8B}.Release|x64.ActiveCfg = Release|x64
		{2A2F63A1-C460-4DEB-AAE4-6650E2E15D8B}.Release|x64.Build.0 = Release|x64
		{2A2F63A1-C460-4DEB-AAE4-6650E2E15D8B}.Release|x86.ActiveCfg = Release|Win32
		{2A2F63A1-C460-4DEB-AAE4-6650E2E15D8B}.Release|x86.Build.0 = Release|Win32
		{3FDEE95F-7CE8-48FB-A492-12F9BF4F3C5E}.Debug|x64.ActiveCfg = Debug|x64
		{3FDEE95F-7CE8-48FB-A492-12F9BF4F3C5E}.Debug|x64.Build.0 = Debug|x64
		{3FDEE95F-7CE8-48FB-A492-12F9BF4F3C5E}.Debug|x86.ActiveCfg = Debug|Win32
		{3FDEE95F-7CE8-48FB-A492-12F9BF4F3C5E}.Debug|x86.Build.0 = Debug|Win32
		{3FDEE95F-7CE8-48FB-A492-12F9BF4F3C5E}.Release|x64.ActiveCfg = Release|x64
		{3FDEE95F-7CE8-48FB-A492-12F9BF4F3C5E}.Release|x64.Build.0 = Release|x64
		{3FDEE95F-7CE8-48FB-A492-12F9BF4F3C5E}.Release|x86.ActiveCfg = Release|Win32
		{3FDEE95F-7CE8-48FB-A492-12F9BF4F3C5E}.Release|x86.Build.0 = Release|Win32
		{CE025958-1DEC-4304-B0DC-7B7A63E47B4C}.Debug|x64.ActiveCfg = Debug|x64
		{CE025958-1DEC-4304-B0DC-7B7A63E47B4C}.Debug|x64.Build.0 = Debug|x64
		{CE025958-1DEC-4304-B0DC-7B7A63E47B4C}.Debug|x86.ActiveCfg = Debug|Win32
		{CE025958-1DEC-4304-B0DC-7B7A63E47B4C}.Debug|x86.Build.0 = Debug|Win32
		{CE025958-1DEC-4304-B0DC-7B7A63E47B4C}.Release|x64.ActiveCfg = Release|x64
		{CE025958-1DEC-4304-B0DC-7B7A63E47B4C}.Release|x64.Build.0 = Release|x64
		{CE025958-1DEC-4304-B0DC-7B7A63E47B4C}.Release|x86.ActiveCfg = Release|Win32
		{CE025958-1DEC-4304-B0DC-7B7A63E47B4C}.Release|x86.Build.0 = Release|Win32
	EndGlobalSection
	GlobalSection(SolutionProperties) = preSolution
		HideSolutionNode = FALSE
	EndGlobalSection
EndGlobal
